{
  "pins" : [
    {
      "identity" : "progresshud",
      "kind" : "remoteSourceControl",
      "location" : "https://github.com/relatedcode/ProgressHUD.git",
      "state" : {
        "revision" : "5a7e1ba99652f429eb3bf60de0558cacc5c384be",
        "version" : "14.1.0"
      }
    },
    {
      "identity" : "toast-swift",
      "kind" : "remoteSourceControl",
      "location" : "https://github.com/scalessec/Toast-Swift",
      "state" : {
        "revision" : "404ac98e0080a3d9f0630e007838284e04528bcd",
        "version" : "5.1.0"
      }
    }
  ],
  "version" : 2
}
