// !$*UTF8*$!
{
	archiveVersion = 1;
	classes = {
	};
	objectVersion = 56;
	objects = {

/* Begin PBXBuildFile section */
		9F49D1A62B56B9DD0065F646 /* WebVC.swift in Sources */ = {isa = PBXBuildFile; fileRef = 9F49D1A52B56B9DD0065F646 /* WebVC.swift */; };
		9F49D1A82B56BA040065F646 /* WebVM.swift in Sources */ = {isa = PBXBuildFile; fileRef = 9F49D1A72B56BA040065F646 /* WebVM.swift */; };
		9F49D1AA2B56EF000065F646 /* mock_empty_array.json in Resources */ = {isa = PBXBuildFile; fileRef = 9F49D1A92B56EF000065F646 /* mock_empty_array.json */; };
		9F49D1AD2B56F4E40065F646 /* ListUserViewModelTest.swift in Sources */ = {isa = PBXBuildFile; fileRef = 9F49D1AC2B56F4E40065F646 /* ListUserViewModelTest.swift */; };
		9F55F5EC2B53B8F500168DC0 /* AsyncOperator.swift in Sources */ = {isa = PBXBuildFile; fileRef = 9F55F5EB2B53B8F500168DC0 /* AsyncOperator.swift */; };
		9F55F5EE2B53B91100168DC0 /* LazyOperatorManager.swift in Sources */ = {isa = PBXBuildFile; fileRef = 9F55F5ED2B53B91100168DC0 /* LazyOperatorManager.swift */; };
		9F55F5F02B53B9B400168DC0 /* LazyLoadUserAvatarManager.swift in Sources */ = {isa = PBXBuildFile; fileRef = 9F55F5EF2B53B9B400168DC0 /* LazyLoadUserAvatarManager.swift */; };
		9F55F5F22B53C8ED00168DC0 /* Data+Ext.swift in Sources */ = {isa = PBXBuildFile; fileRef = 9F55F5F12B53C8ED00168DC0 /* Data+Ext.swift */; };
		9F55F5F42B53CECD00168DC0 /* PHImages.swift in Sources */ = {isa = PBXBuildFile; fileRef = 9F55F5F32B53CECD00168DC0 /* PHImages.swift */; };
		9F55F5FB2B53D47000168DC0 /* LoadMoreViewCell.swift in Sources */ = {isa = PBXBuildFile; fileRef = 9F55F5F92B53D47000168DC0 /* LoadMoreViewCell.swift */; };
		9F55F5FC2B53D47000168DC0 /* LoadMoreViewCell.xib in Resources */ = {isa = PBXBuildFile; fileRef = 9F55F5FA2B53D47000168DC0 /* LoadMoreViewCell.xib */; };
		9F55F6012B53E49E00168DC0 /* UserDetailVC.swift in Sources */ = {isa = PBXBuildFile; fileRef = 9F55F6002B53E49E00168DC0 /* UserDetailVC.swift */; };
		9F55F6032B53E4A400168DC0 /* UserDetailVM.swift in Sources */ = {isa = PBXBuildFile; fileRef = 9F55F6022B53E4A400168DC0 /* UserDetailVM.swift */; };
		9F55F6072B53ED1D00168DC0 /* UserInfoViewCell.swift in Sources */ = {isa = PBXBuildFile; fileRef = 9F55F6052B53ED1D00168DC0 /* UserInfoViewCell.swift */; };
		9F55F6082B53ED1D00168DC0 /* UserInfoViewCell.xib in Resources */ = {isa = PBXBuildFile; fileRef = 9F55F6062B53ED1D00168DC0 /* UserInfoViewCell.xib */; };
		9F55F60B2B53ED2E00168DC0 /* RepositoryViewCell.swift in Sources */ = {isa = PBXBuildFile; fileRef = 9F55F6092B53ED2E00168DC0 /* RepositoryViewCell.swift */; };
		9F55F60C2B53ED2E00168DC0 /* RepositoryViewCell.xib in Resources */ = {isa = PBXBuildFile; fileRef = 9F55F60A2B53ED2E00168DC0 /* RepositoryViewCell.xib */; };
		9F55F60E2B540CD400168DC0 /* UserInfoCellModel.swift in Sources */ = {isa = PBXBuildFile; fileRef = 9F55F60D2B540CD400168DC0 /* UserInfoCellModel.swift */; };
		9F55F6102B540E4B00168DC0 /* RepositoryCellModel.swift in Sources */ = {isa = PBXBuildFile; fileRef = 9F55F60F2B540E4B00168DC0 /* RepositoryCellModel.swift */; };
		9F55F6122B540ECE00168DC0 /* BaseTableViewCell.swift in Sources */ = {isa = PBXBuildFile; fileRef = 9F55F6112B540ECE00168DC0 /* BaseTableViewCell.swift */; };
		9F55F6152B54103700168DC0 /* UserDetailDataSource.swift in Sources */ = {isa = PBXBuildFile; fileRef = 9F55F6142B54103600168DC0 /* UserDetailDataSource.swift */; };
		9F55F6172B54132600168DC0 /* UITableView+Ext.swift in Sources */ = {isa = PBXBuildFile; fileRef = 9F55F6162B54132600168DC0 /* UITableView+Ext.swift */; };
		9F55F6192B54380800168DC0 /* GetUserRequest.swift in Sources */ = {isa = PBXBuildFile; fileRef = 9F55F6182B54380800168DC0 /* GetUserRequest.swift */; };
		9F61F4B12B5229CF005F7809 /* mock_users.json in Resources */ = {isa = PBXBuildFile; fileRef = 9F61F4B02B5229CF005F7809 /* mock_users.json */; };
		9F61F4B32B5229F4005F7809 /* UserServiceTests.swift in Sources */ = {isa = PBXBuildFile; fileRef = 9F61F4B22B5229F4005F7809 /* UserServiceTests.swift */; };
		9F61F4B62B522A08005F7809 /* MockUserService.swift in Sources */ = {isa = PBXBuildFile; fileRef = 9F61F4B52B522A08005F7809 /* MockUserService.swift */; };
		9F62DE632B538A3B002F778A /* UIImage+Ext.swift in Sources */ = {isa = PBXBuildFile; fileRef = 9F62DE622B538A3B002F778A /* UIImage+Ext.swift */; };
		9F62DE662B53957E002F778A /* Constants.swift in Sources */ = {isa = PBXBuildFile; fileRef = 9F62DE652B53957E002F778A /* Constants.swift */; };
		9F6827C52B5573140041AF6E /* mock_user.json in Resources */ = {isa = PBXBuildFile; fileRef = 9F6827C42B5573140041AF6E /* mock_user.json */; };
		9F6827C72B557D090041AF6E /* Constants.swift in Sources */ = {isa = PBXBuildFile; fileRef = 9F6827C62B557D090041AF6E /* Constants.swift */; };
		9F6827CA2B55A1310041AF6E /* mock_repositories.json in Resources */ = {isa = PBXBuildFile; fileRef = 9F6827C92B55A1310041AF6E /* mock_repositories.json */; };
		9F6827CD2B55A4E90041AF6E /* GithubRepository.swift in Sources */ = {isa = PBXBuildFile; fileRef = 9F6827CC2B55A4E90041AF6E /* GithubRepository.swift */; };
		9F6827D32B55AFB20041AF6E /* IRepositoryService.swift in Sources */ = {isa = PBXBuildFile; fileRef = 9F6827D22B55AFB20041AF6E /* IRepositoryService.swift */; };
		9F6827D52B55AFB80041AF6E /* RepositoryService.swift in Sources */ = {isa = PBXBuildFile; fileRef = 9F6827D42B55AFB80041AF6E /* RepositoryService.swift */; };
		9F6827D72B55B0630041AF6E /* GithubRepositoryData.swift in Sources */ = {isa = PBXBuildFile; fileRef = 9F6827D62B55B0630041AF6E /* GithubRepositoryData.swift */; };
		9F6827D92B55B0C50041AF6E /* GetRepositoriesRequest.swift in Sources */ = {isa = PBXBuildFile; fileRef = 9F6827D82B55B0C50041AF6E /* GetRepositoriesRequest.swift */; };
		9F6827DB2B55B4120041AF6E /* RepositoryServiceTests.swift in Sources */ = {isa = PBXBuildFile; fileRef = 9F6827DA2B55B4120041AF6E /* RepositoryServiceTests.swift */; };
		9F6827DD2B55B4540041AF6E /* MockRepositoryService.swift in Sources */ = {isa = PBXBuildFile; fileRef = 9F6827DC2B55B4540041AF6E /* MockRepositoryService.swift */; };
		9F77460F2B520AA500289326 /* IUserService.swift in Sources */ = {isa = PBXBuildFile; fileRef = 9F77460E2B520AA500289326 /* IUserService.swift */; };
		9F7746112B520AAD00289326 /* UserService.swift in Sources */ = {isa = PBXBuildFile; fileRef = 9F7746102B520AAD00289326 /* UserService.swift */; };
		9F776A4A2B5282F50048ED17 /* ListUserVC.swift in Sources */ = {isa = PBXBuildFile; fileRef = 9F776A492B5282F50048ED17 /* ListUserVC.swift */; };
		9F776A4E2B52835D0048ED17 /* BaseNavVC.swift in Sources */ = {isa = PBXBuildFile; fileRef = 9F776A4D2B52835D0048ED17 /* BaseNavVC.swift */; };
		9F776A502B52837E0048ED17 /* BaseVC.swift in Sources */ = {isa = PBXBuildFile; fileRef = 9F776A4F2B52837E0048ED17 /* BaseVC.swift */; };
		9F776A522B5283990048ED17 /* BaseVM.swift in Sources */ = {isa = PBXBuildFile; fileRef = 9F776A512B5283990048ED17 /* BaseVM.swift */; };
		9F776A542B5283AC0048ED17 /* Coordinator.swift in Sources */ = {isa = PBXBuildFile; fileRef = 9F776A532B5283AC0048ED17 /* Coordinator.swift */; };
		9F776A562B52869E0048ED17 /* ListUserVM.swift in Sources */ = {isa = PBXBuildFile; fileRef = 9F776A552B52869E0048ED17 /* ListUserVM.swift */; };
		9F7C423B2B575A0900EC8FE9 /* UserDetailViewModelTest.swift in Sources */ = {isa = PBXBuildFile; fileRef = 9F7C423A2B575A0900EC8FE9 /* UserDetailViewModelTest.swift */; };
		9FA99DBC2B52CAEF00CDE7E8 /* UserViewModel.swift in Sources */ = {isa = PBXBuildFile; fileRef = 9FA99DBB2B52CAEF00CDE7E8 /* UserViewModel.swift */; };
		9FA99DBF2B52CB2000CDE7E8 /* UserViewCell.swift in Sources */ = {isa = PBXBuildFile; fileRef = 9FA99DBD2B52CB2000CDE7E8 /* UserViewCell.swift */; };
		9FA99DC02B52CB2000CDE7E8 /* UserViewCell.xib in Resources */ = {isa = PBXBuildFile; fileRef = 9FA99DBE2B52CB2000CDE7E8 /* UserViewCell.xib */; };
		9FA99DC22B52D32900CDE7E8 /* ListUserDataSource.swift in Sources */ = {isa = PBXBuildFile; fileRef = 9FA99DC12B52D32900CDE7E8 /* ListUserDataSource.swift */; };
		9FA99DC82B52E46A00CDE7E8 /* Storyboards.swift in Sources */ = {isa = PBXBuildFile; fileRef = 9FA99DC72B52E46A00CDE7E8 /* Storyboards.swift */; };
		9FA99DCC2B52FDCF00CDE7E8 /* ProgressHUD in Frameworks */ = {isa = PBXBuildFile; productRef = 9FA99DCB2B52FDCF00CDE7E8 /* ProgressHUD */; };
		9FA99DCF2B52FF0800CDE7E8 /* Toast in Frameworks */ = {isa = PBXBuildFile; productRef = 9FA99DCE2B52FF0800CDE7E8 /* Toast */; };
		9FE88A0F2B5142B40046250A /* AppDelegate.swift in Sources */ = {isa = PBXBuildFile; fileRef = 9FE88A0E2B5142B40046250A /* AppDelegate.swift */; };
		9FE88A112B5142B40046250A /* SceneDelegate.swift in Sources */ = {isa = PBXBuildFile; fileRef = 9FE88A102B5142B40046250A /* SceneDelegate.swift */; };
		9FE88A162B5142B40046250A /* Main.storyboard in Resources */ = {isa = PBXBuildFile; fileRef = 9FE88A142B5142B40046250A /* Main.storyboard */; };
		9FE88A192B5142B40046250A /* ProfileHarbor.xcdatamodeld in Sources */ = {isa = PBXBuildFile; fileRef = 9FE88A172B5142B40046250A /* ProfileHarbor.xcdatamodeld */; };
		9FE88A1B2B5142B50046250A /* Assets.xcassets in Resources */ = {isa = PBXBuildFile; fileRef = 9FE88A1A2B5142B50046250A /* Assets.xcassets */; };
		9FE88A1E2B5142B50046250A /* LaunchScreen.storyboard in Resources */ = {isa = PBXBuildFile; fileRef = 9FE88A1C2B5142B50046250A /* LaunchScreen.storyboard */; };
		9FE88A332B5142B50046250A /* ProfileHarborUITests.swift in Sources */ = {isa = PBXBuildFile; fileRef = 9FE88A322B5142B50046250A /* ProfileHarborUITests.swift */; };
		9FE88A352B5142B50046250A /* ProfileHarborUITestsLaunchTests.swift in Sources */ = {isa = PBXBuildFile; fileRef = 9FE88A342B5142B50046250A /* ProfileHarborUITestsLaunchTests.swift */; };
		9FE88A482B5146F30046250A /* Dependencies.swift in Sources */ = {isa = PBXBuildFile; fileRef = 9FE88A472B5146F30046250A /* Dependencies.swift */; };
		9FE88A4A2B5147080046250A /* AppCoordinator.swift in Sources */ = {isa = PBXBuildFile; fileRef = 9FE88A492B5147080046250A /* AppCoordinator.swift */; };
		9FE88A4E2B5148840046250A /* Localizable.strings in Resources */ = {isa = PBXBuildFile; fileRef = 9FE88A4D2B5148840046250A /* Localizable.strings */; };
		9FE88A522B515C380046250A /* DatabaseManager.swift in Sources */ = {isa = PBXBuildFile; fileRef = 9FE88A512B515C380046250A /* DatabaseManager.swift */; };
		9FE88A552B515D230046250A /* Request.swift in Sources */ = {isa = PBXBuildFile; fileRef = 9FE88A542B515D230046250A /* Request.swift */; };
		9FE88A582B515D2E0046250A /* Response.swift in Sources */ = {isa = PBXBuildFile; fileRef = 9FE88A572B515D2E0046250A /* Response.swift */; };
		9FE88A5B2B515DA40046250A /* APIClient.swift in Sources */ = {isa = PBXBuildFile; fileRef = 9FE88A5A2B515DA40046250A /* APIClient.swift */; };
		9FE88A5D2B515DC10046250A /* APIEnvironment.swift in Sources */ = {isa = PBXBuildFile; fileRef = 9FE88A5C2B515DC10046250A /* APIEnvironment.swift */; };
		9FE88A5F2B5169500046250A /* APIError.swift in Sources */ = {isa = PBXBuildFile; fileRef = 9FE88A5E2B5169500046250A /* APIError.swift */; };
		9FE88A612B5171600046250A /* StringKey.swift in Sources */ = {isa = PBXBuildFile; fileRef = 9FE88A602B5171600046250A /* StringKey.swift */; };
		9FE88A682B51B5D00046250A /* GithubUser.swift in Sources */ = {isa = PBXBuildFile; fileRef = 9FE88A672B51B5D00046250A /* GithubUser.swift */; };
		9FE88A6A2B51B5F90046250A /* GithubUserData.swift in Sources */ = {isa = PBXBuildFile; fileRef = 9FE88A692B51B5F90046250A /* GithubUserData.swift */; };
		9FE88A702B51C4AC0046250A /* GetUsersRequest.swift in Sources */ = {isa = PBXBuildFile; fileRef = 9FE88A6F2B51C4AC0046250A /* GetUsersRequest.swift */; };
/* End PBXBuildFile section */

/* Begin PBXContainerItemProxy section */
		9FE88A252B5142B50046250A /* PBXContainerItemProxy */ = {
			isa = PBXContainerItemProxy;
			containerPortal = 9FE88A032B5142B40046250A /* Project object */;
			proxyType = 1;
			remoteGlobalIDString = 9FE88A0A2B5142B40046250A;
			remoteInfo = ProfileHarbor;
		};
		9FE88A2F2B5142B50046250A /* PBXContainerItemProxy */ = {
			isa = PBXContainerItemProxy;
			containerPortal = 9FE88A032B5142B40046250A /* Project object */;
			proxyType = 1;
			remoteGlobalIDString = 9FE88A0A2B5142B40046250A;
			remoteInfo = ProfileHarbor;
		};
/* End PBXContainerItemProxy section */

/* Begin PBXFileReference section */
		9F49D1A52B56B9DD0065F646 /* WebVC.swift */ = {isa = PBXFileReference; lastKnownFileType = sourcecode.swift; path = WebVC.swift; sourceTree = "<group>"; };
		9F49D1A72B56BA040065F646 /* WebVM.swift */ = {isa = PBXFileReference; lastKnownFileType = sourcecode.swift; path = WebVM.swift; sourceTree = "<group>"; };
		9F49D1A92B56EF000065F646 /* mock_empty_array.json */ = {isa = PBXFileReference; fileEncoding = 4; lastKnownFileType = text.json; path = mock_empty_array.json; sourceTree = "<group>"; };
		9F49D1AC2B56F4E40065F646 /* ListUserViewModelTest.swift */ = {isa = PBXFileReference; lastKnownFileType = sourcecode.swift; path = ListUserViewModelTest.swift; sourceTree = "<group>"; };
		9F55F5EB2B53B8F500168DC0 /* AsyncOperator.swift */ = {isa = PBXFileReference; lastKnownFileType = sourcecode.swift; path = AsyncOperator.swift; sourceTree = "<group>"; };
		9F55F5ED2B53B91100168DC0 /* LazyOperatorManager.swift */ = {isa = PBXFileReference; lastKnownFileType = sourcecode.swift; path = LazyOperatorManager.swift; sourceTree = "<group>"; };
		9F55F5EF2B53B9B400168DC0 /* LazyLoadUserAvatarManager.swift */ = {isa = PBXFileReference; lastKnownFileType = sourcecode.swift; path = LazyLoadUserAvatarManager.swift; sourceTree = "<group>"; };
		9F55F5F12B53C8ED00168DC0 /* Data+Ext.swift */ = {isa = PBXFileReference; lastKnownFileType = sourcecode.swift; path = "Data+Ext.swift"; sourceTree = "<group>"; };
		9F55F5F32B53CECD00168DC0 /* PHImages.swift */ = {isa = PBXFileReference; lastKnownFileType = sourcecode.swift; path = PHImages.swift; sourceTree = "<group>"; };
		9F55F5F92B53D47000168DC0 /* LoadMoreViewCell.swift */ = {isa = PBXFileReference; lastKnownFileType = sourcecode.swift; path = LoadMoreViewCell.swift; sourceTree = "<group>"; };
		9F55F5FA2B53D47000168DC0 /* LoadMoreViewCell.xib */ = {isa = PBXFileReference; lastKnownFileType = file.xib; path = LoadMoreViewCell.xib; sourceTree = "<group>"; };
		9F55F6002B53E49E00168DC0 /* UserDetailVC.swift */ = {isa = PBXFileReference; lastKnownFileType = sourcecode.swift; path = UserDetailVC.swift; sourceTree = "<group>"; };
		9F55F6022B53E4A400168DC0 /* UserDetailVM.swift */ = {isa = PBXFileReference; lastKnownFileType = sourcecode.swift; path = UserDetailVM.swift; sourceTree = "<group>"; };
		9F55F6052B53ED1D00168DC0 /* UserInfoViewCell.swift */ = {isa = PBXFileReference; lastKnownFileType = sourcecode.swift; path = UserInfoViewCell.swift; sourceTree = "<group>"; };
		9F55F6062B53ED1D00168DC0 /* UserInfoViewCell.xib */ = {isa = PBXFileReference; lastKnownFileType = file.xib; path = UserInfoViewCell.xib; sourceTree = "<group>"; };
		9F55F6092B53ED2E00168DC0 /* RepositoryViewCell.swift */ = {isa = PBXFileReference; lastKnownFileType = sourcecode.swift; path = RepositoryViewCell.swift; sourceTree = "<group>"; };
		9F55F60A2B53ED2E00168DC0 /* RepositoryViewCell.xib */ = {isa = PBXFileReference; lastKnownFileType = file.xib; path = RepositoryViewCell.xib; sourceTree = "<group>"; };
		9F55F60D2B540CD400168DC0 /* UserInfoCellModel.swift */ = {isa = PBXFileReference; lastKnownFileType = sourcecode.swift; path = UserInfoCellModel.swift; sourceTree = "<group>"; };
		9F55F60F2B540E4B00168DC0 /* RepositoryCellModel.swift */ = {isa = PBXFileReference; lastKnownFileType = sourcecode.swift; path = RepositoryCellModel.swift; sourceTree = "<group>"; };
		9F55F6112B540ECE00168DC0 /* BaseTableViewCell.swift */ = {isa = PBXFileReference; lastKnownFileType = sourcecode.swift; path = BaseTableViewCell.swift; sourceTree = "<group>"; };
		9F55F6142B54103600168DC0 /* UserDetailDataSource.swift */ = {isa = PBXFileReference; lastKnownFileType = sourcecode.swift; path = UserDetailDataSource.swift; sourceTree = "<group>"; };
		9F55F6162B54132600168DC0 /* UITableView+Ext.swift */ = {isa = PBXFileReference; lastKnownFileType = sourcecode.swift; path = "UITableView+Ext.swift"; sourceTree = "<group>"; };
		9F55F6182B54380800168DC0 /* GetUserRequest.swift */ = {isa = PBXFileReference; lastKnownFileType = sourcecode.swift; path = GetUserRequest.swift; sourceTree = "<group>"; };
		9F61F4B02B5229CF005F7809 /* mock_users.json */ = {isa = PBXFileReference; fileEncoding = 4; lastKnownFileType = text.json; path = mock_users.json; sourceTree = "<group>"; };
		9F61F4B22B5229F4005F7809 /* UserServiceTests.swift */ = {isa = PBXFileReference; lastKnownFileType = sourcecode.swift; path = UserServiceTests.swift; sourceTree = "<group>"; };
		9F61F4B52B522A08005F7809 /* MockUserService.swift */ = {isa = PBXFileReference; lastKnownFileType = sourcecode.swift; path = MockUserService.swift; sourceTree = "<group>"; };
		9F62DE622B538A3B002F778A /* UIImage+Ext.swift */ = {isa = PBXFileReference; lastKnownFileType = sourcecode.swift; path = "UIImage+Ext.swift"; sourceTree = "<group>"; };
		9F62DE652B53957E002F778A /* Constants.swift */ = {isa = PBXFileReference; lastKnownFileType = sourcecode.swift; path = Constants.swift; sourceTree = "<group>"; };
		9F6827C42B5573140041AF6E /* mock_user.json */ = {isa = PBXFileReference; fileEncoding = 4; lastKnownFileType = text.json; path = mock_user.json; sourceTree = "<group>"; };
		9F6827C62B557D090041AF6E /* Constants.swift */ = {isa = PBXFileReference; lastKnownFileType = sourcecode.swift; path = Constants.swift; sourceTree = "<group>"; };
		9F6827C92B55A1310041AF6E /* mock_repositories.json */ = {isa = PBXFileReference; fileEncoding = 4; lastKnownFileType = text.json; path = mock_repositories.json; sourceTree = "<group>"; };
		9F6827CC2B55A4E90041AF6E /* GithubRepository.swift */ = {isa = PBXFileReference; lastKnownFileType = sourcecode.swift; path = GithubRepository.swift; sourceTree = "<group>"; };
		9F6827D22B55AFB20041AF6E /* IRepositoryService.swift */ = {isa = PBXFileReference; lastKnownFileType = sourcecode.swift; path = IRepositoryService.swift; sourceTree = "<group>"; };
		9F6827D42B55AFB80041AF6E /* RepositoryService.swift */ = {isa = PBXFileReference; lastKnownFileType = sourcecode.swift; path = RepositoryService.swift; sourceTree = "<group>"; };
		9F6827D62B55B0630041AF6E /* GithubRepositoryData.swift */ = {isa = PBXFileReference; lastKnownFileType = sourcecode.swift; path = GithubRepositoryData.swift; sourceTree = "<group>"; };
		9F6827D82B55B0C50041AF6E /* GetRepositoriesRequest.swift */ = {isa = PBXFileReference; lastKnownFileType = sourcecode.swift; path = GetRepositoriesRequest.swift; sourceTree = "<group>"; };
		9F6827DA2B55B4120041AF6E /* RepositoryServiceTests.swift */ = {isa = PBXFileReference; lastKnownFileType = sourcecode.swift; path = RepositoryServiceTests.swift; sourceTree = "<group>"; };
		9F6827DC2B55B4540041AF6E /* MockRepositoryService.swift */ = {isa = PBXFileReference; lastKnownFileType = sourcecode.swift; path = MockRepositoryService.swift; sourceTree = "<group>"; };
		9F77460E2B520AA500289326 /* IUserService.swift */ = {isa = PBXFileReference; lastKnownFileType = sourcecode.swift; path = IUserService.swift; sourceTree = "<group>"; };
		9F7746102B520AAD00289326 /* UserService.swift */ = {isa = PBXFileReference; lastKnownFileType = sourcecode.swift; path = UserService.swift; sourceTree = "<group>"; };
		9F776A492B5282F50048ED17 /* ListUserVC.swift */ = {isa = PBXFileReference; lastKnownFileType = sourcecode.swift; path = ListUserVC.swift; sourceTree = "<group>"; };
		9F776A4D2B52835D0048ED17 /* BaseNavVC.swift */ = {isa = PBXFileReference; lastKnownFileType = sourcecode.swift; path = BaseNavVC.swift; sourceTree = "<group>"; };
		9F776A4F2B52837E0048ED17 /* BaseVC.swift */ = {isa = PBXFileReference; lastKnownFileType = sourcecode.swift; path = BaseVC.swift; sourceTree = "<group>"; };
		9F776A512B5283990048ED17 /* BaseVM.swift */ = {isa = PBXFileReference; lastKnownFileType = sourcecode.swift; path = BaseVM.swift; sourceTree = "<group>"; };
		9F776A532B5283AC0048ED17 /* Coordinator.swift */ = {isa = PBXFileReference; lastKnownFileType = sourcecode.swift; path = Coordinator.swift; sourceTree = "<group>"; };
		9F776A552B52869E0048ED17 /* ListUserVM.swift */ = {isa = PBXFileReference; lastKnownFileType = sourcecode.swift; path = ListUserVM.swift; sourceTree = "<group>"; };
		9F7C423A2B575A0900EC8FE9 /* UserDetailViewModelTest.swift */ = {isa = PBXFileReference; lastKnownFileType = sourcecode.swift; path = UserDetailViewModelTest.swift; sourceTree = "<group>"; };
		9FA99DBB2B52CAEF00CDE7E8 /* UserViewModel.swift */ = {isa = PBXFileReference; lastKnownFileType = sourcecode.swift; path = UserViewModel.swift; sourceTree = "<group>"; };
		9FA99DBD2B52CB2000CDE7E8 /* UserViewCell.swift */ = {isa = PBXFileReference; lastKnownFileType = sourcecode.swift; path = UserViewCell.swift; sourceTree = "<group>"; };
		9FA99DBE2B52CB2000CDE7E8 /* UserViewCell.xib */ = {isa = PBXFileReference; lastKnownFileType = file.xib; path = UserViewCell.xib; sourceTree = "<group>"; };
		9FA99DC12B52D32900CDE7E8 /* ListUserDataSource.swift */ = {isa = PBXFileReference; lastKnownFileType = sourcecode.swift; path = ListUserDataSource.swift; sourceTree = "<group>"; };
		9FA99DC72B52E46A00CDE7E8 /* Storyboards.swift */ = {isa = PBXFileReference; lastKnownFileType = sourcecode.swift; path = Storyboards.swift; sourceTree = "<group>"; };
		9FE88A0B2B5142B40046250A /* ProfileHarbor.app */ = {isa = PBXFileReference; explicitFileType = wrapper.application; includeInIndex = 0; path = ProfileHarbor.app; sourceTree = BUILT_PRODUCTS_DIR; };
		9FE88A0E2B5142B40046250A /* AppDelegate.swift */ = {isa = PBXFileReference; lastKnownFileType = sourcecode.swift; path = AppDelegate.swift; sourceTree = "<group>"; };
		9FE88A102B5142B40046250A /* SceneDelegate.swift */ = {isa = PBXFileReference; lastKnownFileType = sourcecode.swift; path = SceneDelegate.swift; sourceTree = "<group>"; };
		9FE88A152B5142B40046250A /* Base */ = {isa = PBXFileReference; lastKnownFileType = file.storyboard; name = Base; path = Base.lproj/Main.storyboard; sourceTree = "<group>"; };
		9FE88A182B5142B40046250A /* ProfileHarbor.xcdatamodel */ = {isa = PBXFileReference; lastKnownFileType = wrapper.xcdatamodel; path = ProfileHarbor.xcdatamodel; sourceTree = "<group>"; };
		9FE88A1A2B5142B50046250A /* Assets.xcassets */ = {isa = PBXFileReference; lastKnownFileType = folder.assetcatalog; path = Assets.xcassets; sourceTree = "<group>"; };
		9FE88A1D2B5142B50046250A /* Base */ = {isa = PBXFileReference; lastKnownFileType = file.storyboard; name = Base; path = Base.lproj/LaunchScreen.storyboard; sourceTree = "<group>"; };
		9FE88A1F2B5142B50046250A /* Info.plist */ = {isa = PBXFileReference; lastKnownFileType = text.plist.xml; path = Info.plist; sourceTree = "<group>"; };
		9FE88A242B5142B50046250A /* ProfileHarborTests.xctest */ = {isa = PBXFileReference; explicitFileType = wrapper.cfbundle; includeInIndex = 0; path = ProfileHarborTests.xctest; sourceTree = BUILT_PRODUCTS_DIR; };
		9FE88A2E2B5142B50046250A /* ProfileHarborUITests.xctest */ = {isa = PBXFileReference; explicitFileType = wrapper.cfbundle; includeInIndex = 0; path = ProfileHarborUITests.xctest; sourceTree = BUILT_PRODUCTS_DIR; };
		9FE88A322B5142B50046250A /* ProfileHarborUITests.swift */ = {isa = PBXFileReference; lastKnownFileType = sourcecode.swift; path = ProfileHarborUITests.swift; sourceTree = "<group>"; };
		9FE88A342B5142B50046250A /* ProfileHarborUITestsLaunchTests.swift */ = {isa = PBXFileReference; lastKnownFileType = sourcecode.swift; path = ProfileHarborUITestsLaunchTests.swift; sourceTree = "<group>"; };
		9FE88A472B5146F30046250A /* Dependencies.swift */ = {isa = PBXFileReference; lastKnownFileType = sourcecode.swift; path = Dependencies.swift; sourceTree = "<group>"; };
		9FE88A492B5147080046250A /* AppCoordinator.swift */ = {isa = PBXFileReference; lastKnownFileType = sourcecode.swift; path = AppCoordinator.swift; sourceTree = "<group>"; };
		9FE88A4D2B5148840046250A /* Localizable.strings */ = {isa = PBXFileReference; lastKnownFileType = text.plist.strings; path = Localizable.strings; sourceTree = "<group>"; };
		9FE88A512B515C380046250A /* DatabaseManager.swift */ = {isa = PBXFileReference; lastKnownFileType = sourcecode.swift; path = DatabaseManager.swift; sourceTree = "<group>"; };
		9FE88A542B515D230046250A /* Request.swift */ = {isa = PBXFileReference; lastKnownFileType = sourcecode.swift; path = Request.swift; sourceTree = "<group>"; };
		9FE88A572B515D2E0046250A /* Response.swift */ = {isa = PBXFileReference; lastKnownFileType = sourcecode.swift; path = Response.swift; sourceTree = "<group>"; };
		9FE88A5A2B515DA40046250A /* APIClient.swift */ = {isa = PBXFileReference; lastKnownFileType = sourcecode.swift; path = APIClient.swift; sourceTree = "<group>"; };
		9FE88A5C2B515DC10046250A /* APIEnvironment.swift */ = {isa = PBXFileReference; lastKnownFileType = sourcecode.swift; path = APIEnvironment.swift; sourceTree = "<group>"; };
		9FE88A5E2B5169500046250A /* APIError.swift */ = {isa = PBXFileReference; lastKnownFileType = sourcecode.swift; path = APIError.swift; sourceTree = "<group>"; };
		9FE88A602B5171600046250A /* StringKey.swift */ = {isa = PBXFileReference; lastKnownFileType = sourcecode.swift; path = StringKey.swift; sourceTree = "<group>"; };
		9FE88A672B51B5D00046250A /* GithubUser.swift */ = {isa = PBXFileReference; lastKnownFileType = sourcecode.swift; path = GithubUser.swift; sourceTree = "<group>"; };
		9FE88A692B51B5F90046250A /* GithubUserData.swift */ = {isa = PBXFileReference; lastKnownFileType = sourcecode.swift; path = GithubUserData.swift; sourceTree = "<group>"; };
		9FE88A6F2B51C4AC0046250A /* GetUsersRequest.swift */ = {isa = PBXFileReference; lastKnownFileType = sourcecode.swift; path = GetUsersRequest.swift; sourceTree = "<group>"; };
/* End PBXFileReference section */

/* Begin PBXFrameworksBuildPhase section */
		9FE88A082B5142B40046250A /* Frameworks */ = {
			isa = PBXFrameworksBuildPhase;
			buildActionMask = 2147483647;
			files = (
				9FA99DCF2B52FF0800CDE7E8 /* Toast in Frameworks */,
				9FA99DCC2B52FDCF00CDE7E8 /* ProgressHUD in Frameworks */,
			);
			runOnlyForDeploymentPostprocessing = 0;
		};
		9FE88A212B5142B50046250A /* Frameworks */ = {
			isa = PBXFrameworksBuildPhase;
			buildActionMask = 2147483647;
			files = (
			);
			runOnlyForDeploymentPostprocessing = 0;
		};
		9FE88A2B2B5142B50046250A /* Frameworks */ = {
			isa = PBXFrameworksBuildPhase;
			buildActionMask = 2147483647;
			files = (
			);
			runOnlyForDeploymentPostprocessing = 0;
		};
/* End PBXFrameworksBuildPhase section */

/* Begin PBXGroup section */
		9F49D1A22B56B9880065F646 /* WebView */ = {
			isa = PBXGroup;
			children = (
				9F49D1A42B56B9A10065F646 /* ViewModel */,
				9F49D1A32B56B9960065F646 /* View */,
			);
			path = WebView;
			sourceTree = "<group>";
		};
		9F49D1A32B56B9960065F646 /* View */ = {
			isa = PBXGroup;
			children = (
				9F49D1A52B56B9DD0065F646 /* WebVC.swift */,
			);
			path = View;
			sourceTree = "<group>";
		};
		9F49D1A42B56B9A10065F646 /* ViewModel */ = {
			isa = PBXGroup;
			children = (
				9F49D1A72B56BA040065F646 /* WebVM.swift */,
			);
			path = ViewModel;
			sourceTree = "<group>";
		};
		9F49D1AB2B56F35A0065F646 /* ViewModel */ = {
			isa = PBXGroup;
			children = (
				9F49D1AC2B56F4E40065F646 /* ListUserViewModelTest.swift */,
				9F7C423A2B575A0900EC8FE9 /* UserDetailViewModelTest.swift */,
			);
			path = ViewModel;
			sourceTree = "<group>";
		};
		9F49D1AE2B56F6AD0065F646 /* Service */ = {
			isa = PBXGroup;
			children = (
				9F61F4B22B5229F4005F7809 /* UserServiceTests.swift */,
				9F6827DA2B55B4120041AF6E /* RepositoryServiceTests.swift */,
			);
			path = Service;
			sourceTree = "<group>";
		};
		9F55F5E92B53B8D000168DC0 /* Helpers */ = {
			isa = PBXGroup;
			children = (
				9F55F5EA2B53B8D900168DC0 /* Operators */,
			);
			path = Helpers;
			sourceTree = "<group>";
		};
		9F55F5EA2B53B8D900168DC0 /* Operators */ = {
			isa = PBXGroup;
			children = (
				9F55F5EB2B53B8F500168DC0 /* AsyncOperator.swift */,
				9F55F5ED2B53B91100168DC0 /* LazyOperatorManager.swift */,
			);
			path = Operators;
			sourceTree = "<group>";
		};
		9F55F5FD2B53E47000168DC0 /* UserDetail */ = {
			isa = PBXGroup;
			children = (
				9F55F6132B54102B00168DC0 /* DataSource */,
				9F55F5FF2B53E48400168DC0 /* ViewModel */,
				9F55F5FE2B53E47E00168DC0 /* View */,
			);
			path = UserDetail;
			sourceTree = "<group>";
		};
		9F55F5FE2B53E47E00168DC0 /* View */ = {
			isa = PBXGroup;
			children = (
				9F55F6042B53ECEC00168DC0 /* Cell */,
				9F55F6002B53E49E00168DC0 /* UserDetailVC.swift */,
			);
			path = View;
			sourceTree = "<group>";
		};
		9F55F5FF2B53E48400168DC0 /* ViewModel */ = {
			isa = PBXGroup;
			children = (
				9F55F6022B53E4A400168DC0 /* UserDetailVM.swift */,
				9F55F60D2B540CD400168DC0 /* UserInfoCellModel.swift */,
				9F55F60F2B540E4B00168DC0 /* RepositoryCellModel.swift */,
			);
			path = ViewModel;
			sourceTree = "<group>";
		};
		9F55F6042B53ECEC00168DC0 /* Cell */ = {
			isa = PBXGroup;
			children = (
				9F55F6052B53ED1D00168DC0 /* UserInfoViewCell.swift */,
				9F55F6062B53ED1D00168DC0 /* UserInfoViewCell.xib */,
				9F55F6092B53ED2E00168DC0 /* RepositoryViewCell.swift */,
				9F55F60A2B53ED2E00168DC0 /* RepositoryViewCell.xib */,
			);
			path = Cell;
			sourceTree = "<group>";
		};
		9F55F6132B54102B00168DC0 /* DataSource */ = {
			isa = PBXGroup;
			children = (
				9F55F6142B54103600168DC0 /* UserDetailDataSource.swift */,
			);
			path = DataSource;
			sourceTree = "<group>";
		};
		9F61F4AD2B52295E005F7809 /* Tests */ = {
			isa = PBXGroup;
			children = (
				9F49D1AE2B56F6AD0065F646 /* Service */,
				9F49D1AB2B56F35A0065F646 /* ViewModel */,
			);
			path = Tests;
			sourceTree = "<group>";
		};
		9F61F4AE2B522962005F7809 /* Mocks */ = {
			isa = PBXGroup;
			children = (
				9F7C423C2B575D5E00EC8FE9 /* ViewModel */,
				9F61F4B42B5229FF005F7809 /* Service */,
				9F61F4AF2B522985005F7809 /* Data */,
			);
			path = Mocks;
			sourceTree = "<group>";
		};
		9F61F4AF2B522985005F7809 /* Data */ = {
			isa = PBXGroup;
			children = (
				9F49D1A92B56EF000065F646 /* mock_empty_array.json */,
				9F6827C92B55A1310041AF6E /* mock_repositories.json */,
				9F6827C42B5573140041AF6E /* mock_user.json */,
				9F61F4B02B5229CF005F7809 /* mock_users.json */,
				9F6827C62B557D090041AF6E /* Constants.swift */,
			);
			path = Data;
			sourceTree = "<group>";
		};
		9F61F4B42B5229FF005F7809 /* Service */ = {
			isa = PBXGroup;
			children = (
				9F61F4B52B522A08005F7809 /* MockUserService.swift */,
				9F6827DC2B55B4540041AF6E /* MockRepositoryService.swift */,
			);
			path = Service;
			sourceTree = "<group>";
		};
		9F62DE612B538A30002F778A /* Extensions */ = {
			isa = PBXGroup;
			children = (
				9F62DE622B538A3B002F778A /* UIImage+Ext.swift */,
				9F55F5F12B53C8ED00168DC0 /* Data+Ext.swift */,
				9F55F6162B54132600168DC0 /* UITableView+Ext.swift */,
			);
			path = Extensions;
			sourceTree = "<group>";
		};
		9F6827C82B559B9D0041AF6E /* Repository */ = {
			isa = PBXGroup;
			children = (
				9F6827CB2B55A4DE0041AF6E /* Model */,
				9F6827CE2B55AF350041AF6E /* Service */,
				9F6827CF2B55AF3B0041AF6E /* API */,
			);
			path = Repository;
			sourceTree = "<group>";
		};
		9F6827CB2B55A4DE0041AF6E /* Model */ = {
			isa = PBXGroup;
			children = (
				9F6827CC2B55A4E90041AF6E /* GithubRepository.swift */,
			);
			path = Model;
			sourceTree = "<group>";
		};
		9F6827CE2B55AF350041AF6E /* Service */ = {
			isa = PBXGroup;
			children = (
				9F6827D22B55AFB20041AF6E /* IRepositoryService.swift */,
				9F6827D42B55AFB80041AF6E /* RepositoryService.swift */,
			);
			path = Service;
			sourceTree = "<group>";
		};
		9F6827CF2B55AF3B0041AF6E /* API */ = {
			isa = PBXGroup;
			children = (
				9F6827D12B55AF460041AF6E /* Response */,
				9F6827D02B55AF420041AF6E /* Request */,
			);
			path = API;
			sourceTree = "<group>";
		};
		9F6827D02B55AF420041AF6E /* Request */ = {
			isa = PBXGroup;
			children = (
				9F6827D82B55B0C50041AF6E /* GetRepositoriesRequest.swift */,
			);
			path = Request;
			sourceTree = "<group>";
		};
		9F6827D12B55AF460041AF6E /* Response */ = {
			isa = PBXGroup;
			children = (
				9F6827D62B55B0630041AF6E /* GithubRepositoryData.swift */,
			);
			path = Response;
			sourceTree = "<group>";
		};
		9F776A472B5282C20048ED17 /* ListUser */ = {
			isa = PBXGroup;
			children = (
				9F776A592B529E270048ED17 /* DataSource */,
				9F776A582B529E060048ED17 /* ViewModel */,
				9F776A572B529E020048ED17 /* View */,
			);
			path = ListUser;
			sourceTree = "<group>";
		};
		9F776A4B2B5283050048ED17 /* Base */ = {
			isa = PBXGroup;
			children = (
				9F776A4D2B52835D0048ED17 /* BaseNavVC.swift */,
				9F776A4F2B52837E0048ED17 /* BaseVC.swift */,
				9F776A512B5283990048ED17 /* BaseVM.swift */,
				9F776A532B5283AC0048ED17 /* Coordinator.swift */,
				9F55F6112B540ECE00168DC0 /* BaseTableViewCell.swift */,
			);
			path = Base;
			sourceTree = "<group>";
		};
		9F776A572B529E020048ED17 /* View */ = {
			isa = PBXGroup;
			children = (
				9FA99DBA2B52CAD900CDE7E8 /* Cell */,
				9F776A492B5282F50048ED17 /* ListUserVC.swift */,
			);
			path = View;
			sourceTree = "<group>";
		};
		9F776A582B529E060048ED17 /* ViewModel */ = {
			isa = PBXGroup;
			children = (
				9FA99DBB2B52CAEF00CDE7E8 /* UserViewModel.swift */,
				9F776A552B52869E0048ED17 /* ListUserVM.swift */,
			);
			path = ViewModel;
			sourceTree = "<group>";
		};
		9F776A592B529E270048ED17 /* DataSource */ = {
			isa = PBXGroup;
			children = (
				9F55F5EF2B53B9B400168DC0 /* LazyLoadUserAvatarManager.swift */,
				9FA99DC12B52D32900CDE7E8 /* ListUserDataSource.swift */,
			);
			path = DataSource;
			sourceTree = "<group>";
		};
		9F7C423C2B575D5E00EC8FE9 /* ViewModel */ = {
			isa = PBXGroup;
			children = (
			);
			path = ViewModel;
			sourceTree = "<group>";
		};
		9FA99DBA2B52CAD900CDE7E8 /* Cell */ = {
			isa = PBXGroup;
			children = (
				9FA99DBD2B52CB2000CDE7E8 /* UserViewCell.swift */,
				9FA99DBE2B52CB2000CDE7E8 /* UserViewCell.xib */,
				9F55F5F92B53D47000168DC0 /* LoadMoreViewCell.swift */,
				9F55F5FA2B53D47000168DC0 /* LoadMoreViewCell.xib */,
			);
			path = Cell;
			sourceTree = "<group>";
		};
		9FA99DC62B52E45C00CDE7E8 /* Storyboard */ = {
			isa = PBXGroup;
			children = (
				9FE88A142B5142B40046250A /* Main.storyboard */,
				9FE88A1C2B5142B50046250A /* LaunchScreen.storyboard */,
				9FA99DC72B52E46A00CDE7E8 /* Storyboards.swift */,
			);
			path = Storyboard;
			sourceTree = "<group>";
		};
		9FE88A022B5142B40046250A = {
			isa = PBXGroup;
			children = (
				9FE88A0D2B5142B40046250A /* ProfileHarbor */,
				9FE88A272B5142B50046250A /* ProfileHarborTests */,
				9FE88A312B5142B50046250A /* ProfileHarborUITests */,
				9FE88A0C2B5142B40046250A /* Products */,
			);
			sourceTree = "<group>";
		};
		9FE88A0C2B5142B40046250A /* Products */ = {
			isa = PBXGroup;
			children = (
				9FE88A0B2B5142B40046250A /* ProfileHarbor.app */,
				9FE88A242B5142B50046250A /* ProfileHarborTests.xctest */,
				9FE88A2E2B5142B50046250A /* ProfileHarborUITests.xctest */,
			);
			name = Products;
			sourceTree = "<group>";
		};
		9FE88A0D2B5142B40046250A /* ProfileHarbor */ = {
			isa = PBXGroup;
			children = (
				9FE88A412B51458A0046250A /* App */,
				9FE88A462B5146C80046250A /* Resources */,
				9FE88A452B5146B70046250A /* Presentations */,
				9FE88A442B5146AA0046250A /* InterfaceAdapter */,
				9FE88A432B51459D0046250A /* Entities */,
				9FE88A422B5145980046250A /* Domains */,
			);
			path = ProfileHarbor;
			sourceTree = "<group>";
		};
		9FE88A272B5142B50046250A /* ProfileHarborTests */ = {
			isa = PBXGroup;
			children = (
				9F61F4AE2B522962005F7809 /* Mocks */,
				9F61F4AD2B52295E005F7809 /* Tests */,
			);
			path = ProfileHarborTests;
			sourceTree = "<group>";
		};
		9FE88A312B5142B50046250A /* ProfileHarborUITests */ = {
			isa = PBXGroup;
			children = (
				9FE88A322B5142B50046250A /* ProfileHarborUITests.swift */,
				9FE88A342B5142B50046250A /* ProfileHarborUITestsLaunchTests.swift */,
			);
			path = ProfileHarborUITests;
			sourceTree = "<group>";
		};
		9FE88A412B51458A0046250A /* App */ = {
			isa = PBXGroup;
			children = (
				9F776A4B2B5283050048ED17 /* Base */,
				9FE88A0E2B5142B40046250A /* AppDelegate.swift */,
				9FE88A102B5142B40046250A /* SceneDelegate.swift */,
				9FE88A472B5146F30046250A /* Dependencies.swift */,
				9FE88A1F2B5142B50046250A /* Info.plist */,
				9FE88A492B5147080046250A /* AppCoordinator.swift */,
			);
			path = App;
			sourceTree = "<group>";
		};
		9FE88A422B5145980046250A /* Domains */ = {
			isa = PBXGroup;
			children = (
				9F6827C82B559B9D0041AF6E /* Repository */,
				9FE88A622B51B5960046250A /* User */,
			);
			path = Domains;
			sourceTree = "<group>";
		};
		9FE88A432B51459D0046250A /* Entities */ = {
			isa = PBXGroup;
			children = (
				9FE88A502B515A680046250A /* Database */,
				9FE88A4F2B515A630046250A /* API */,
			);
			path = Entities;
			sourceTree = "<group>";
		};
		9FE88A442B5146AA0046250A /* InterfaceAdapter */ = {
			isa = PBXGroup;
			children = (
				9F55F5E92B53B8D000168DC0 /* Helpers */,
				9F62DE612B538A30002F778A /* Extensions */,
			);
			path = InterfaceAdapter;
			sourceTree = "<group>";
		};
		9FE88A452B5146B70046250A /* Presentations */ = {
			isa = PBXGroup;
			children = (
				9F49D1A22B56B9880065F646 /* WebView */,
				9F55F5FD2B53E47000168DC0 /* UserDetail */,
				9F776A472B5282C20048ED17 /* ListUser */,
			);
			path = Presentations;
			sourceTree = "<group>";
		};
		9FE88A462B5146C80046250A /* Resources */ = {
			isa = PBXGroup;
			children = (
				9FA99DC62B52E45C00CDE7E8 /* Storyboard */,
				9FE88A4C2B5147290046250A /* Localizations */,
				9FE88A4B2B51471C0046250A /* Assets */,
			);
			path = Resources;
			sourceTree = "<group>";
		};
		9FE88A4B2B51471C0046250A /* Assets */ = {
			isa = PBXGroup;
			children = (
				9FE88A1A2B5142B50046250A /* Assets.xcassets */,
				9F55F5F32B53CECD00168DC0 /* PHImages.swift */,
			);
			path = Assets;
			sourceTree = "<group>";
		};
		9FE88A4C2B5147290046250A /* Localizations */ = {
			isa = PBXGroup;
			children = (
				9FE88A4D2B5148840046250A /* Localizable.strings */,
				9FE88A602B5171600046250A /* StringKey.swift */,
			);
			path = Localizations;
			sourceTree = "<group>";
		};
		9FE88A4F2B515A630046250A /* API */ = {
			isa = PBXGroup;
			children = (
				9FE88A592B515D6E0046250A /* Base */,
				9FE88A562B515D260046250A /* Response */,
				9FE88A532B515D0D0046250A /* Request */,
			);
			path = API;
			sourceTree = "<group>";
		};
		9FE88A502B515A680046250A /* Database */ = {
			isa = PBXGroup;
			children = (
				9FE88A172B5142B40046250A /* ProfileHarbor.xcdatamodeld */,
				9FE88A512B515C380046250A /* DatabaseManager.swift */,
			);
			path = Database;
			sourceTree = "<group>";
		};
		9FE88A532B515D0D0046250A /* Request */ = {
			isa = PBXGroup;
			children = (
				9FE88A542B515D230046250A /* Request.swift */,
			);
			path = Request;
			sourceTree = "<group>";
		};
		9FE88A562B515D260046250A /* Response */ = {
			isa = PBXGroup;
			children = (
				9FE88A572B515D2E0046250A /* Response.swift */,
			);
			path = Response;
			sourceTree = "<group>";
		};
		9FE88A592B515D6E0046250A /* Base */ = {
			isa = PBXGroup;
			children = (
				9FE88A5A2B515DA40046250A /* APIClient.swift */,
				9FE88A5C2B515DC10046250A /* APIEnvironment.swift */,
				9FE88A5E2B5169500046250A /* APIError.swift */,
				9F62DE652B53957E002F778A /* Constants.swift */,
			);
			path = Base;
			sourceTree = "<group>";
		};
		9FE88A622B51B5960046250A /* User */ = {
			isa = PBXGroup;
			children = (
				9FE88A662B51B5B70046250A /* Model */,
				9FE88A642B51B5A50046250A /* Service */,
				9FE88A632B51B5A00046250A /* API */,
			);
			path = User;
			sourceTree = "<group>";
		};
		9FE88A632B51B5A00046250A /* API */ = {
			isa = PBXGroup;
			children = (
				9FE88A6E2B51C4960046250A /* Response */,
				9FE88A6D2B51C4920046250A /* Request */,
			);
			path = API;
			sourceTree = "<group>";
		};
		9FE88A642B51B5A50046250A /* Service */ = {
			isa = PBXGroup;
			children = (
				9F77460E2B520AA500289326 /* IUserService.swift */,
				9F7746102B520AAD00289326 /* UserService.swift */,
			);
			path = Service;
			sourceTree = "<group>";
		};
		9FE88A662B51B5B70046250A /* Model */ = {
			isa = PBXGroup;
			children = (
				9FE88A672B51B5D00046250A /* GithubUser.swift */,
			);
			path = Model;
			sourceTree = "<group>";
		};
		9FE88A6D2B51C4920046250A /* Request */ = {
			isa = PBXGroup;
			children = (
				9FE88A6F2B51C4AC0046250A /* GetUsersRequest.swift */,
				9F55F6182B54380800168DC0 /* GetUserRequest.swift */,
			);
			path = Request;
			sourceTree = "<group>";
		};
		9FE88A6E2B51C4960046250A /* Response */ = {
			isa = PBXGroup;
			children = (
				9FE88A692B51B5F90046250A /* GithubUserData.swift */,
			);
			path = Response;
			sourceTree = "<group>";
		};
/* End PBXGroup section */

/* Begin PBXNativeTarget section */
		9FE88A0A2B5142B40046250A /* ProfileHarbor */ = {
			isa = PBXNativeTarget;
			buildConfigurationList = 9FE88A382B5142B50046250A /* Build configuration list for PBXNativeTarget "ProfileHarbor" */;
			buildPhases = (
				9FE88A072B5142B40046250A /* Sources */,
				9FE88A082B5142B40046250A /* Frameworks */,
				9FE88A092B5142B40046250A /* Resources */,
			);
			buildRules = (
			);
			dependencies = (
			);
			name = ProfileHarbor;
			packageProductDependencies = (
				9FA99DCB2B52FDCF00CDE7E8 /* ProgressHUD */,
				9FA99DCE2B52FF0800CDE7E8 /* Toast */,
			);
			productName = ProfileHarbor;
			productReference = 9FE88A0B2B5142B40046250A /* ProfileHarbor.app */;
			productType = "com.apple.product-type.application";
		};
		9FE88A232B5142B50046250A /* ProfileHarborTests */ = {
			isa = PBXNativeTarget;
			buildConfigurationList = 9FE88A3B2B5142B50046250A /* Build configuration list for PBXNativeTarget "ProfileHarborTests" */;
			buildPhases = (
				9FE88A202B5142B50046250A /* Sources */,
				9FE88A212B5142B50046250A /* Frameworks */,
				9FE88A222B5142B50046250A /* Resources */,
			);
			buildRules = (
			);
			dependencies = (
				9FE88A262B5142B50046250A /* PBXTargetDependency */,
			);
			name = ProfileHarborTests;
			productName = ProfileHarborTests;
			productReference = 9FE88A242B5142B50046250A /* ProfileHarborTests.xctest */;
			productType = "com.apple.product-type.bundle.unit-test";
		};
		9FE88A2D2B5142B50046250A /* ProfileHarborUITests */ = {
			isa = PBXNativeTarget;
			buildConfigurationList = 9FE88A3E2B5142B50046250A /* Build configuration list for PBXNativeTarget "ProfileHarborUITests" */;
			buildPhases = (
				9FE88A2A2B5142B50046250A /* Sources */,
				9FE88A2B2B5142B50046250A /* Frameworks */,
				9FE88A2C2B5142B50046250A /* Resources */,
			);
			buildRules = (
			);
			dependencies = (
				9FE88A302B5142B50046250A /* PBXTargetDependency */,
			);
			name = ProfileHarborUITests;
			productName = ProfileHarborUITests;
			productReference = 9FE88A2E2B5142B50046250A /* ProfileHarborUITests.xctest */;
			productType = "com.apple.product-type.bundle.ui-testing";
		};
/* End PBXNativeTarget section */

/* Begin PBXProject section */
		9FE88A032B5142B40046250A /* Project object */ = {
			isa = PBXProject;
			attributes = {
				BuildIndependentTargetsInParallel = 1;
				LastSwiftUpdateCheck = 1500;
				LastUpgradeCheck = 1500;
				TargetAttributes = {
					9FE88A0A2B5142B40046250A = {
						CreatedOnToolsVersion = 15.0;
					};
					9FE88A232B5142B50046250A = {
						CreatedOnToolsVersion = 15.0;
						TestTargetID = 9FE88A0A2B5142B40046250A;
					};
					9FE88A2D2B5142B50046250A = {
						CreatedOnToolsVersion = 15.0;
						TestTargetID = 9FE88A0A2B5142B40046250A;
					};
				};
			};
			buildConfigurationList = 9FE88A062B5142B40046250A /* Build configuration list for PBXProject "ProfileHarbor" */;
			compatibilityVersion = "Xcode 14.0";
			developmentRegion = en;
			hasScannedForEncodings = 0;
			knownRegions = (
				en,
				Base,
			);
			mainGroup = 9FE88A022B5142B40046250A;
			packageReferences = (
				9FA99DCA2B52FDCF00CDE7E8 /* XCRemoteSwiftPackageReference "ProgressHUD" */,
				9FA99DCD2B52FF0800CDE7E8 /* XCRemoteSwiftPackageReference "Toast-Swift" */,
			);
			productRefGroup = 9FE88A0C2B5142B40046250A /* Products */;
			projectDirPath = "";
			projectRoot = "";
			targets = (
				9FE88A0A2B5142B40046250A /* ProfileHarbor */,
				9FE88A232B5142B50046250A /* ProfileHarborTests */,
				9FE88A2D2B5142B50046250A /* ProfileHarborUITests */,
			);
		};
/* End PBXProject section */

/* Begin PBXResourcesBuildPhase section */
		9FE88A092B5142B40046250A /* Resources */ = {
			isa = PBXResourcesBuildPhase;
			buildActionMask = 2147483647;
			files = (
				9FE88A1E2B5142B50046250A /* LaunchScreen.storyboard in Resources */,
				9F55F5FC2B53D47000168DC0 /* LoadMoreViewCell.xib in Resources */,
				9F55F60C2B53ED2E00168DC0 /* RepositoryViewCell.xib in Resources */,
				9F55F6082B53ED1D00168DC0 /* UserInfoViewCell.xib in Resources */,
				9FE88A4E2B5148840046250A /* Localizable.strings in Resources */,
				9FE88A1B2B5142B50046250A /* Assets.xcassets in Resources */,
				9FA99DC02B52CB2000CDE7E8 /* UserViewCell.xib in Resources */,
				9FE88A162B5142B40046250A /* Main.storyboard in Resources */,
			);
			runOnlyForDeploymentPostprocessing = 0;
		};
		9FE88A222B5142B50046250A /* Resources */ = {
			isa = PBXResourcesBuildPhase;
			buildActionMask = 2147483647;
			files = (
				9F6827CA2B55A1310041AF6E /* mock_repositories.json in Resources */,
				9F6827C52B5573140041AF6E /* mock_user.json in Resources */,
				9F61F4B12B5229CF005F7809 /* mock_users.json in Resources */,
				9F49D1AA2B56EF000065F646 /* mock_empty_array.json in Resources */,
			);
			runOnlyForDeploymentPostprocessing = 0;
		};
		9FE88A2C2B5142B50046250A /* Resources */ = {
			isa = PBXResourcesBuildPhase;
			buildActionMask = 2147483647;
			files = (
			);
			runOnlyForDeploymentPostprocessing = 0;
		};
/* End PBXResourcesBuildPhase section */

/* Begin PBXSourcesBuildPhase section */
		9FE88A072B5142B40046250A /* Sources */ = {
			isa = PBXSourcesBuildPhase;
			buildActionMask = 2147483647;
			files = (
				9F55F5F22B53C8ED00168DC0 /* Data+Ext.swift in Sources */,
				9F55F5EC2B53B8F500168DC0 /* AsyncOperator.swift in Sources */,
				9FE88A612B5171600046250A /* StringKey.swift in Sources */,
				9F6827D52B55AFB80041AF6E /* RepositoryService.swift in Sources */,
				9FE88A4A2B5147080046250A /* AppCoordinator.swift in Sources */,
				9F55F6122B540ECE00168DC0 /* BaseTableViewCell.swift in Sources */,
				9F55F6012B53E49E00168DC0 /* UserDetailVC.swift in Sources */,
				9F6827CD2B55A4E90041AF6E /* GithubRepository.swift in Sources */,
				9F7746112B520AAD00289326 /* UserService.swift in Sources */,
				9F776A4E2B52835D0048ED17 /* BaseNavVC.swift in Sources */,
				9F55F6072B53ED1D00168DC0 /* UserInfoViewCell.swift in Sources */,
				9FE88A552B515D230046250A /* Request.swift in Sources */,
				9F62DE662B53957E002F778A /* Constants.swift in Sources */,
				9F776A4A2B5282F50048ED17 /* ListUserVC.swift in Sources */,
				9FE88A5B2B515DA40046250A /* APIClient.swift in Sources */,
				9F55F60B2B53ED2E00168DC0 /* RepositoryViewCell.swift in Sources */,
				9FE88A192B5142B40046250A /* ProfileHarbor.xcdatamodeld in Sources */,
				9F776A562B52869E0048ED17 /* ListUserVM.swift in Sources */,
				9FE88A6A2B51B5F90046250A /* GithubUserData.swift in Sources */,
				9F55F6032B53E4A400168DC0 /* UserDetailVM.swift in Sources */,
				9F6827D92B55B0C50041AF6E /* GetRepositoriesRequest.swift in Sources */,
				9F55F60E2B540CD400168DC0 /* UserInfoCellModel.swift in Sources */,
				9F55F6152B54103700168DC0 /* UserDetailDataSource.swift in Sources */,
				9F6827D32B55AFB20041AF6E /* IRepositoryService.swift in Sources */,
				9F55F5EE2B53B91100168DC0 /* LazyOperatorManager.swift in Sources */,
				9FE88A5F2B5169500046250A /* APIError.swift in Sources */,
				9FE88A582B515D2E0046250A /* Response.swift in Sources */,
				9FE88A0F2B5142B40046250A /* AppDelegate.swift in Sources */,
				9F55F5FB2B53D47000168DC0 /* LoadMoreViewCell.swift in Sources */,
				9FA99DC22B52D32900CDE7E8 /* ListUserDataSource.swift in Sources */,
				9FE88A5D2B515DC10046250A /* APIEnvironment.swift in Sources */,
				9FA99DC82B52E46A00CDE7E8 /* Storyboards.swift in Sources */,
				9FE88A702B51C4AC0046250A /* GetUsersRequest.swift in Sources */,
				9F55F6192B54380800168DC0 /* GetUserRequest.swift in Sources */,
				9FA99DBC2B52CAEF00CDE7E8 /* UserViewModel.swift in Sources */,
				9FA99DBF2B52CB2000CDE7E8 /* UserViewCell.swift in Sources */,
				9F49D1A62B56B9DD0065F646 /* WebVC.swift in Sources */,
				9F6827D72B55B0630041AF6E /* GithubRepositoryData.swift in Sources */,
				9F55F5F42B53CECD00168DC0 /* PHImages.swift in Sources */,
				9F776A522B5283990048ED17 /* BaseVM.swift in Sources */,
				9F55F6172B54132600168DC0 /* UITableView+Ext.swift in Sources */,
				9FE88A482B5146F30046250A /* Dependencies.swift in Sources */,
				9F55F6102B540E4B00168DC0 /* RepositoryCellModel.swift in Sources */,
				9F62DE632B538A3B002F778A /* UIImage+Ext.swift in Sources */,
				9F776A542B5283AC0048ED17 /* Coordinator.swift in Sources */,
				9F55F5F02B53B9B400168DC0 /* LazyLoadUserAvatarManager.swift in Sources */,
				9F77460F2B520AA500289326 /* IUserService.swift in Sources */,
				9F49D1A82B56BA040065F646 /* WebVM.swift in Sources */,
				9FE88A682B51B5D00046250A /* GithubUser.swift in Sources */,
				9FE88A112B5142B40046250A /* SceneDelegate.swift in Sources */,
				9F776A502B52837E0048ED17 /* BaseVC.swift in Sources */,
				9FE88A522B515C380046250A /* DatabaseManager.swift in Sources */,
			);
			runOnlyForDeploymentPostprocessing = 0;
		};
		9FE88A202B5142B50046250A /* Sources */ = {
			isa = PBXSourcesBuildPhase;
			buildActionMask = 2147483647;
			files = (
				9F7C423B2B575A0900EC8FE9 /* UserDetailViewModelTest.swift in Sources */,
				9F61F4B62B522A08005F7809 /* MockUserService.swift in Sources */,
				9F6827DD2B55B4540041AF6E /* MockRepositoryService.swift in Sources */,
				9F61F4B32B5229F4005F7809 /* UserServiceTests.swift in Sources */,
				9F49D1AD2B56F4E40065F646 /* ListUserViewModelTest.swift in Sources */,
				9F6827C72B557D090041AF6E /* Constants.swift in Sources */,
				9F6827DB2B55B4120041AF6E /* RepositoryServiceTests.swift in Sources */,
			);
			runOnlyForDeploymentPostprocessing = 0;
		};
		9FE88A2A2B5142B50046250A /* Sources */ = {
			isa = PBXSourcesBuildPhase;
			buildActionMask = 2147483647;
			files = (
				9FE88A352B5142B50046250A /* ProfileHarborUITestsLaunchTests.swift in Sources */,
				9FE88A332B5142B50046250A /* ProfileHarborUITests.swift in Sources */,
			);
			runOnlyForDeploymentPostprocessing = 0;
		};
/* End PBXSourcesBuildPhase section */

/* Begin PBXTargetDependency section */
		9FE88A262B5142B50046250A /* PBXTargetDependency */ = {
			isa = PBXTargetDependency;
			target = 9FE88A0A2B5142B40046250A /* ProfileHarbor */;
			targetProxy = 9FE88A252B5142B50046250A /* PBXContainerItemProxy */;
		};
		9FE88A302B5142B50046250A /* PBXTargetDependency */ = {
			isa = PBXTargetDependency;
			target = 9FE88A0A2B5142B40046250A /* ProfileHarbor */;
			targetProxy = 9FE88A2F2B5142B50046250A /* PBXContainerItemProxy */;
		};
/* End PBXTargetDependency section */

/* Begin PBXVariantGroup section */
		9FE88A142B5142B40046250A /* Main.storyboard */ = {
			isa = PBXVariantGroup;
			children = (
				9FE88A152B5142B40046250A /* Base */,
			);
			name = Main.storyboard;
			sourceTree = "<group>";
		};
		9FE88A1C2B5142B50046250A /* LaunchScreen.storyboard */ = {
			isa = PBXVariantGroup;
			children = (
				9FE88A1D2B5142B50046250A /* Base */,
			);
			name = LaunchScreen.storyboard;
			sourceTree = "<group>";
		};
/* End PBXVariantGroup section */

/* Begin XCBuildConfiguration section */
		9FE88A362B5142B50046250A /* Debug */ = {
			isa = XCBuildConfiguration;
			buildSettings = {
				ALWAYS_SEARCH_USER_PATHS = NO;
				ASSETCATALOG_COMPILER_GENERATE_SWIFT_ASSET_SYMBOL_EXTENSIONS = YES;
				CLANG_ANALYZER_NONNULL = YES;
				CLANG_ANALYZER_NUMBER_OBJECT_CONVERSION = YES_AGGRESSIVE;
				CLANG_CXX_LANGUAGE_STANDARD = "gnu++20";
				CLANG_ENABLE_MODULES = YES;
				CLANG_ENABLE_OBJC_ARC = YES;
				CLANG_ENABLE_OBJC_WEAK = YES;
				CLANG_WARN_BLOCK_CAPTURE_AUTORELEASING = YES;
				CLANG_WARN_BOOL_CONVERSION = YES;
				CLANG_WARN_COMMA = YES;
				CLANG_WARN_CONSTANT_CONVERSION = YES;
				CLANG_WARN_DEPRECATED_OBJC_IMPLEMENTATIONS = YES;
				CLANG_WARN_DIRECT_OBJC_ISA_USAGE = YES_ERROR;
				CLANG_WARN_DOCUMENTATION_COMMENTS = YES;
				CLANG_WARN_EMPTY_BODY = YES;
				CLANG_WARN_ENUM_CONVERSION = YES;
				CLANG_WARN_INFINITE_RECURSION = YES;
				CLANG_WARN_INT_CONVERSION = YES;
				CLANG_WARN_NON_LITERAL_NULL_CONVERSION = YES;
				CLANG_WARN_OBJC_IMPLICIT_RETAIN_SELF = YES;
				CLANG_WARN_OBJC_LITERAL_CONVERSION = YES;
				CLANG_WARN_OBJC_ROOT_CLASS = YES_ERROR;
				CLANG_WARN_QUOTED_INCLUDE_IN_FRAMEWORK_HEADER = YES;
				CLANG_WARN_RANGE_LOOP_ANALYSIS = YES;
				CLANG_WARN_STRICT_PROTOTYPES = YES;
				CLANG_WARN_SUSPICIOUS_MOVE = YES;
				CLANG_WARN_UNGUARDED_AVAILABILITY = YES_AGGRESSIVE;
				CLANG_WARN_UNREACHABLE_CODE = YES;
				CLANG_WARN__DUPLICATE_METHOD_MATCH = YES;
				COPY_PHASE_STRIP = NO;
				DEBUG_INFORMATION_FORMAT = dwarf;
				ENABLE_STRICT_OBJC_MSGSEND = YES;
				ENABLE_TESTABILITY = YES;
				ENABLE_USER_SCRIPT_SANDBOXING = YES;
				GCC_C_LANGUAGE_STANDARD = gnu17;
				GCC_DYNAMIC_NO_PIC = NO;
				GCC_NO_COMMON_BLOCKS = YES;
				GCC_OPTIMIZATION_LEVEL = 0;
				GCC_PREPROCESSOR_DEFINITIONS = (
					"DEBUG=1",
					"$(inherited)",
				);
				GCC_WARN_64_TO_32_BIT_CONVERSION = YES;
				GCC_WARN_ABOUT_RETURN_TYPE = YES_ERROR;
				GCC_WARN_UNDECLARED_SELECTOR = YES;
				GCC_WARN_UNINITIALIZED_AUTOS = YES_AGGRESSIVE;
				GCC_WARN_UNUSED_FUNCTION = YES;
				GCC_WARN_UNUSED_VARIABLE = YES;
				IPHONEOS_DEPLOYMENT_TARGET = 17.0;
				LOCALIZATION_PREFERS_STRING_CATALOGS = YES;
				MTL_ENABLE_DEBUG_INFO = INCLUDE_SOURCE;
				MTL_FAST_MATH = YES;
				ONLY_ACTIVE_ARCH = YES;
				SDKROOT = iphoneos;
				SWIFT_ACTIVE_COMPILATION_CONDITIONS = "DEBUG $(inherited)";
				SWIFT_OPTIMIZATION_LEVEL = "-Onone";
			};
			name = Debug;
		};
		9FE88A372B5142B50046250A /* Release */ = {
			isa = XCBuildConfiguration;
			buildSettings = {
				ALWAYS_SEARCH_USER_PATHS = NO;
				ASSETCATALOG_COMPILER_GENERATE_SWIFT_ASSET_SYMBOL_EXTENSIONS = YES;
				CLANG_ANALYZER_NONNULL = YES;
				CLANG_ANALYZER_NUMBER_OBJECT_CONVERSION = YES_AGGRESSIVE;
				CLANG_CXX_LANGUAGE_STANDARD = "gnu++20";
				CLANG_ENABLE_MODULES = YES;
				CLANG_ENABLE_OBJC_ARC = YES;
				CLANG_ENABLE_OBJC_WEAK = YES;
				CLANG_WARN_BLOCK_CAPTURE_AUTORELEASING = YES;
				CLANG_WARN_BOOL_CONVERSION = YES;
				CLANG_WARN_COMMA = YES;
				CLANG_WARN_CONSTANT_CONVERSION = YES;
				CLANG_WARN_DEPRECATED_OBJC_IMPLEMENTATIONS = YES;
				CLANG_WARN_DIRECT_OBJC_ISA_USAGE = YES_ERROR;
				CLANG_WARN_DOCUMENTATION_COMMENTS = YES;
				CLANG_WARN_EMPTY_BODY = YES;
				CLANG_WARN_ENUM_CONVERSION = YES;
				CLANG_WARN_INFINITE_RECURSION = YES;
				CLANG_WARN_INT_CONVERSION = YES;
				CLANG_WARN_NON_LITERAL_NULL_CONVERSION = YES;
				CLANG_WARN_OBJC_IMPLICIT_RETAIN_SELF = YES;
				CLANG_WARN_OBJC_LITERAL_CONVERSION = YES;
				CLANG_WARN_OBJC_ROOT_CLASS = YES_ERROR;
				CLANG_WARN_QUOTED_INCLUDE_IN_FRAMEWORK_HEADER = YES;
				CLANG_WARN_RANGE_LOOP_ANALYSIS = YES;
				CLANG_WARN_STRICT_PROTOTYPES = YES;
				CLANG_WARN_SUSPICIOUS_MOVE = YES;
				CLANG_WARN_UNGUARDED_AVAILABILITY = YES_AGGRESSIVE;
				CLANG_WARN_UNREACHABLE_CODE = YES;
				CLANG_WARN__DUPLICATE_METHOD_MATCH = YES;
				COPY_PHASE_STRIP = NO;
				DEBUG_INFORMATION_FORMAT = "dwarf-with-dsym";
				ENABLE_NS_ASSERTIONS = NO;
				ENABLE_STRICT_OBJC_MSGSEND = YES;
				ENABLE_USER_SCRIPT_SANDBOXING = YES;
				GCC_C_LANGUAGE_STANDARD = gnu17;
				GCC_NO_COMMON_BLOCKS = YES;
				GCC_WARN_64_TO_32_BIT_CONVERSION = YES;
				GCC_WARN_ABOUT_RETURN_TYPE = YES_ERROR;
				GCC_WARN_UNDECLARED_SELECTOR = YES;
				GCC_WARN_UNINITIALIZED_AUTOS = YES_AGGRESSIVE;
				GCC_WARN_UNUSED_FUNCTION = YES;
				GCC_WARN_UNUSED_VARIABLE = YES;
				IPHONEOS_DEPLOYMENT_TARGET = 17.0;
				LOCALIZATION_PREFERS_STRING_CATALOGS = YES;
				MTL_ENABLE_DEBUG_INFO = NO;
				MTL_FAST_MATH = YES;
				SDKROOT = iphoneos;
				SWIFT_COMPILATION_MODE = wholemodule;
				VALIDATE_PRODUCT = YES;
			};
			name = Release;
		};
		9FE88A392B5142B50046250A /* Debug */ = {
			isa = XCBuildConfiguration;
			buildSettings = {
				ASSETCATALOG_COMPILER_APPICON_NAME = AppIcon;
				ASSETCATALOG_COMPILER_GLOBAL_ACCENT_COLOR_NAME = AccentColor;
				CODE_SIGN_STYLE = Automatic;
				CURRENT_PROJECT_VERSION = 1;
				GENERATE_INFOPLIST_FILE = YES;
				INFOPLIST_FILE = ProfileHarbor/App/Info.plist;
				INFOPLIST_KEY_UIApplicationSupportsIndirectInputEvents = YES;
				INFOPLIST_KEY_UILaunchStoryboardName = LaunchScreen.storyboard;
				INFOPLIST_KEY_UIMainStoryboardFile = Main;
				INFOPLIST_KEY_UISupportedInterfaceOrientations_iPad = "UIInterfaceOrientationPortrait UIInterfaceOrientationPortraitUpsideDown UIInterfaceOrientationLandscapeLeft UIInterfaceOrientationLandscapeRight";
				INFOPLIST_KEY_UISupportedInterfaceOrientations_iPhone = "UIInterfaceOrientationPortrait UIInterfaceOrientationLandscapeLeft UIInterfaceOrientationLandscapeRight";
				IPHONEOS_DEPLOYMENT_TARGET = 15.0;
				LD_RUNPATH_SEARCH_PATHS = (
					"$(inherited)",
					"@executable_path/Frameworks",
				);
				MARKETING_VERSION = 1.0;
				PRODUCT_BUNDLE_IDENTIFIER = com.thomasle.ProfileHarbor;
				PRODUCT_NAME = "$(TARGET_NAME)";
				SWIFT_EMIT_LOC_STRINGS = YES;
				SWIFT_VERSION = 5.0;
				TARGETED_DEVICE_FAMILY = "1,2";
			};
			name = Debug;
		};
		9FE88A3A2B5142B50046250A /* Release */ = {
			isa = XCBuildConfiguration;
			buildSettings = {
				ASSETCATALOG_COMPILER_APPICON_NAME = AppIcon;
				ASSETCATALOG_COMPILER_GLOBAL_ACCENT_COLOR_NAME = AccentColor;
				CODE_SIGN_STYLE = Automatic;
				CURRENT_PROJECT_VERSION = 1;
				GENERATE_INFOPLIST_FILE = YES;
				INFOPLIST_FILE = ProfileHarbor/App/Info.plist;
				INFOPLIST_KEY_UIApplicationSupportsIndirectInputEvents = YES;
				INFOPLIST_KEY_UILaunchStoryboardName = LaunchScreen.storyboard;
				INFOPLIST_KEY_UIMainStoryboardFile = Main;
				INFOPLIST_KEY_UISupportedInterfaceOrientations_iPad = "UIInterfaceOrientationPortrait UIInterfaceOrientationPortraitUpsideDown UIInterfaceOrientationLandscapeLeft UIInterfaceOrientationLandscapeRight";
				INFOPLIST_KEY_UISupportedInterfaceOrientations_iPhone = "UIInterfaceOrientationPortrait UIInterfaceOrientationLandscapeLeft UIInterfaceOrientationLandscapeRight";
				IPHONEOS_DEPLOYMENT_TARGET = 15.0;
				LD_RUNPATH_SEARCH_PATHS = (
					"$(inherited)",
					"@executable_path/Frameworks",
				);
				MARKETING_VERSION = 1.0;
				PRODUCT_BUNDLE_IDENTIFIER = com.thomasle.ProfileHarbor;
				PRODUCT_NAME = "$(TARGET_NAME)";
				SWIFT_EMIT_LOC_STRINGS = YES;
				SWIFT_VERSION = 5.0;
				TARGETED_DEVICE_FAMILY = "1,2";
			};
			name = Release;
		};
		9FE88A3C2B5142B50046250A /* Debug */ = {
			isa = XCBuildConfiguration;
			buildSettings = {
				ALWAYS_EMBED_SWIFT_STANDARD_LIBRARIES = YES;
				BUNDLE_LOADER = "$(TEST_HOST)";
				CODE_SIGN_STYLE = Automatic;
				CURRENT_PROJECT_VERSION = 1;
				GENERATE_INFOPLIST_FILE = YES;
				IPHONEOS_DEPLOYMENT_TARGET = 17.0;
				MARKETING_VERSION = 1.0;
				PRODUCT_BUNDLE_IDENTIFIER = com.thomasle.ProfileHarborTests;
				PRODUCT_NAME = "$(TARGET_NAME)";
				SWIFT_EMIT_LOC_STRINGS = NO;
				SWIFT_VERSION = 5.0;
				TARGETED_DEVICE_FAMILY = "1,2";
				TEST_HOST = "$(BUILT_PRODUCTS_DIR)/ProfileHarbor.app/$(BUNDLE_EXECUTABLE_FOLDER_PATH)/ProfileHarbor";
			};
			name = Debug;
		};
		9FE88A3D2B5142B50046250A /* Release */ = {
			isa = XCBuildConfiguration;
			buildSettings = {
				ALWAYS_EMBED_SWIFT_STANDARD_LIBRARIES = YES;
				BUNDLE_LOADER = "$(TEST_HOST)";
				CODE_SIGN_STYLE = Automatic;
				CURRENT_PROJECT_VERSION = 1;
				GENERATE_INFOPLIST_FILE = YES;
				IPHONEOS_DEPLOYMENT_TARGET = 17.0;
				MARKETING_VERSION = 1.0;
				PRODUCT_BUNDLE_IDENTIFIER = com.thomasle.ProfileHarborTests;
				PRODUCT_NAME = "$(TARGET_NAME)";
				SWIFT_EMIT_LOC_STRINGS = NO;
				SWIFT_VERSION = 5.0;
				TARGETED_DEVICE_FAMILY = "1,2";
				TEST_HOST = "$(BUILT_PRODUCTS_DIR)/ProfileHarbor.app/$(BUNDLE_EXECUTABLE_FOLDER_PATH)/ProfileHarbor";
			};
			name = Release;
		};
		9FE88A3F2B5142B50046250A /* Debug */ = {
			isa = XCBuildConfiguration;
			buildSettings = {
				ALWAYS_EMBED_SWIFT_STANDARD_LIBRARIES = YES;
				CODE_SIGN_STYLE = Automatic;
				CURRENT_PROJECT_VERSION = 1;
				GENERATE_INFOPLIST_FILE = YES;
				MARKETING_VERSION = 1.0;
				PRODUCT_BUNDLE_IDENTIFIER = com.thomasle.ProfileHarborUITests;
				PRODUCT_NAME = "$(TARGET_NAME)";
				SWIFT_EMIT_LOC_STRINGS = NO;
				SWIFT_VERSION = 5.0;
				TARGETED_DEVICE_FAMILY = "1,2";
				TEST_TARGET_NAME = ProfileHarbor;
			};
			name = Debug;
		};
		9FE88A402B5142B50046250A /* Release */ = {
			isa = XCBuildConfiguration;
			buildSettings = {
				ALWAYS_EMBED_SWIFT_STANDARD_LIBRARIES = YES;
				CODE_SIGN_STYLE = Automatic;
				CURRENT_PROJECT_VERSION = 1;
				GENERATE_INFOPLIST_FILE = YES;
				MARKETING_VERSION = 1.0;
				PRODUCT_BUNDLE_IDENTIFIER = com.thomasle.ProfileHarborUITests;
				PRODUCT_NAME = "$(TARGET_NAME)";
				SWIFT_EMIT_LOC_STRINGS = NO;
				SWIFT_VERSION = 5.0;
				TARGETED_DEVICE_FAMILY = "1,2";
				TEST_TARGET_NAME = ProfileHarbor;
			};
			name = Release;
		};
/* End XCBuildConfiguration section */

/* Begin XCConfigurationList section */
		9FE88A062B5142B40046250A /* Build configuration list for PBXProject "ProfileHarbor" */ = {
			isa = XCConfigurationList;
			buildConfigurations = (
				9FE88A362B5142B50046250A /* Debug */,
				9FE88A372B5142B50046250A /* Release */,
			);
			defaultConfigurationIsVisible = 0;
			defaultConfigurationName = Release;
		};
		9FE88A382B5142B50046250A /* Build configuration list for PBXNativeTarget "ProfileHarbor" */ = {
			isa = XCConfigurationList;
			buildConfigurations = (
				9FE88A392B5142B50046250A /* Debug */,
				9FE88A3A2B5142B50046250A /* Release */,
			);
			defaultConfigurationIsVisible = 0;
			defaultConfigurationName = Release;
		};
		9FE88A3B2B5142B50046250A /* Build configuration list for PBXNativeTarget "ProfileHarborTests" */ = {
			isa = XCConfigurationList;
			buildConfigurations = (
				9FE88A3C2B5142B50046250A /* Debug */,
				9FE88A3D2B5142B50046250A /* Release */,
			);
			defaultConfigurationIsVisible = 0;
			defaultConfigurationName = Release;
		};
		9FE88A3E2B5142B50046250A /* Build configuration list for PBXNativeTarget "ProfileHarborUITests" */ = {
			isa = XCConfigurationList;
			buildConfigurations = (
				9FE88A3F2B5142B50046250A /* Debug */,
				9FE88A402B5142B50046250A /* Release */,
			);
			defaultConfigurationIsVisible = 0;
			defaultConfigurationName = Release;
		};
/* End XCConfigurationList section */

/* Begin XCRemoteSwiftPackageReference section */
		9FA99DCA2B52FDCF00CDE7E8 /* XCRemoteSwiftPackageReference "ProgressHUD" */ = {
			isa = XCRemoteSwiftPackageReference;
			repositoryURL = "https://github.com/relatedcode/ProgressHUD.git";
			requirement = {
				kind = upToNextMajorVersion;
				minimumVersion = 14.1.0;
			};
		};
		9FA99DCD2B52FF0800CDE7E8 /* XCRemoteSwiftPackageReference "Toast-Swift" */ = {
			isa = XCRemoteSwiftPackageReference;
			repositoryURL = "https://github.com/scalessec/Toast-Swift";
			requirement = {
				kind = upToNextMajorVersion;
				minimumVersion = 5.1.0;
			};
		};
/* End XCRemoteSwiftPackageReference section */

/* Begin XCSwiftPackageProductDependency section */
		9FA99DCB2B52FDCF00CDE7E8 /* ProgressHUD */ = {
			isa = XCSwiftPackageProductDependency;
			package = 9FA99DCA2B52FDCF00CDE7E8 /* XCRemoteSwiftPackageReference "ProgressHUD" */;
			productName = ProgressHUD;
		};
		9FA99DCE2B52FF0800CDE7E8 /* Toast */ = {
			isa = XCSwiftPackageProductDependency;
			package = 9FA99DCD2B52FF0800CDE7E8 /* XCRemoteSwiftPackageReference "Toast-Swift" */;
			productName = Toast;
		};
/* End XCSwiftPackageProductDependency section */

/* Begin XCVersionGroup section */
		9FE88A172B5142B40046250A /* ProfileHarbor.xcdatamodeld */ = {
			isa = XCVersionGroup;
			children = (
				9FE88A182B5142B40046250A /* ProfileHarbor.xcdatamodel */,
			);
			currentVersion = 9FE88A182B5142B40046250A /* ProfileHarbor.xcdatamodel */;
			path = ProfileHarbor.xcdatamodeld;
			sourceTree = "<group>";
			versionGroupType = wrapper.xcdatamodel;
		};
/* End XCVersionGroup section */
	};
	rootObject = 9FE88A032B5142B40046250A /* Project object */;
}
